
Microsoft Visual Studio Solution File, Format Version 12.00
# Visual Studio Version 17
VisualStudioVersion = 17.0.32112.339
MinimumVisualStudioVersion = 10.0.40219.1
Project("{FAE04EC0-301F-11D3-BF4B-00C04F79EFBC}") = "Final", "Final\Final.csproj", "{E58BFFB6-C0FA-46B1-9CFB-22A91BE1BB8B}"
EndProject
Global
	GlobalSection(SolutionConfigurationPlatforms) = preSolution
		Debug|Any CPU = Debug|Any CPU
		Release|Any CPU = Release|Any CPU
	EndGlobalSection
	GlobalSection(ProjectConfigurationPlatforms) = postSolution
		{E58BFFB6-C0FA-46B1-9CFB-22A91BE1BB8B}.Debug|Any CPU.ActiveCfg = Debug|Any CPU
		{E58BFFB6-C0FA-46B1-9CFB-22A91BE1BB8B}.Debug|Any CPU.Build.0 = Debug|Any CPU
		{E58BFFB6-C0FA-46B1-9CFB-22A91BE1BB8B}.Release|Any CPU.ActiveCfg = Release|Any CPU
		{E58BFFB6-C0FA-46B1-9CFB-22A91BE1BB8B}.Release|Any CPU.Build.0 = Release|Any CPU
	EndGlobalSection
	GlobalSection(SolutionProperties) = preSolution
		HideSolutionNode = FALSE
	EndGlobalSection
	GlobalSection(ExtensibilityGlobals) = postSolution
		SolutionGuid = {0D9D840D-3888-471F-B75D-F944A89357C7}
	EndGlobalSection
EndGlobal
