
Microsoft Visual Studio Solution File, Format Version 12.00
# Visual Studio Version 17
VisualStudioVersion = 17.0.32112.339
MinimumVisualStudioVersion = 10.0.40219.1
Project("{FAE04EC0-301F-11D3-BF4B-00C04F79EFBC}") = "Project3", "Project3\Project3.csproj", "{EF4009A6-6ABE-4704-A40D-91E6B06E78FE}"
EndProject
Global
	GlobalSection(SolutionConfigurationPlatforms) = preSolution
		Debug|Any CPU = Debug|Any CPU
		Release|Any CPU = Release|Any CPU
	EndGlobalSection
	GlobalSection(ProjectConfigurationPlatforms) = postSolution
		{EF4009A6-6ABE-4704-A40D-91E6B06E78FE}.Debug|Any CPU.ActiveCfg = Debug|Any CPU
		{EF4009A6-6ABE-4704-A40D-91E6B06E78FE}.Debug|Any CPU.Build.0 = Debug|Any CPU
		{EF4009A6-6ABE-4704-A40D-91E6B06E78FE}.Release|Any CPU.ActiveCfg = Release|Any CPU
		{EF4009A6-6ABE-4704-A40D-91E6B06E78FE}.Release|Any CPU.Build.0 = Release|Any CPU
	EndGlobalSection
	GlobalSection(SolutionProperties) = preSolution
		HideSolutionNode = FALSE
	EndGlobalSection
	GlobalSection(ExtensibilityGlobals) = postSolution
		SolutionGuid = {FE22BF58-7B97-4EC6-8798-4AB969BE6486}
	EndGlobalSection
EndGlobal
